# This file is automatically @generated by Cargo.
# It is not intended for manual editing.
version = 4

[[package]]
name = "openaula-cli"
version = "0.1.0"
dependencies = [
 "openaula-core",
]

[[package]]
name = "openaula-core"
version = "0.1.0"

[[package]]
name = "openaula-desktop"
version = "0.1.0"
dependencies = [
 "openaula-core",
]
